
Microsoft Visual Studio Solution File, Format Version 12.00
# Visual Studio Version 17
VisualStudioVersion = 17.9.34728.123
MinimumVisualStudioVersion = 10.0.40219.1
Project("{FAE04EC0-301F-11D3-BF4B-00C04F79EFBC}") = "ArbolBinarioApp", "ArbolBinarioApp\ArbolBinarioApp.csproj", "{CCD455F4-F252-4616-9CE0-40C4F419E20B}"
EndProject
Global
	GlobalSection(SolutionConfigurationPlatforms) = preSolution
		Debug|Any CPU = Debug|Any CPU
		Release|Any CPU = Release|Any CPU
	EndGlobalSection
	GlobalSection(ProjectConfigurationPlatforms) = postSolution
		{CCD455F4-F252-4616-9CE0-40C4F419E20B}.Debug|Any CPU.ActiveCfg = Debug|Any CPU
		{CCD455F4-F252-4616-9CE0-40C4F419E20B}.Debug|Any CPU.Build.0 = Debug|Any CPU
		{CCD455F4-F252-4616-9CE0-40C4F419E20B}.Release|Any CPU.ActiveCfg = Release|Any CPU
		{CCD455F4-F252-4616-9CE0-40C4F419E20B}.Release|Any CPU.Build.0 = Release|Any CPU
	EndGlobalSection
	GlobalSection(SolutionProperties) = preSolution
		HideSolutionNode = FALSE
	EndGlobalSection
	GlobalSection(ExtensibilityGlobals) = postSolution
		SolutionGuid = {4F8AAB31-567D-4520-AF53-215B089A3734}
	EndGlobalSection
EndGlobal
